
Microsoft Visual Studio Solution File, Format Version 12.00
# Visual Studio Version 17
VisualStudioVersion = 17.9.34622.214
MinimumVisualStudioVersion = 10.0.40219.1
Project("{9A19103F-16F7-4668-BE54-9A1E7A4F7556}") = "AvaloniaApplication1", "AvaloniaApplication1\AvaloniaApplication1.csproj", "{A8120FAC-7A60-4723-9322-A461BEEEE03D}"
EndProject
Project("{9A19103F-16F7-4668-BE54-9A1E7A4F7556}") = "AvaloniaApplication1.Android", "AvaloniaApplication1.Android\AvaloniaApplication1.Android.csproj", "{0FB66B1B-1A7D-4563-B7D2-F71997B29F79}"
EndProject
Project("{9A19103F-16F7-4668-BE54-9A1E7A4F7556}") = "AvaloniaApplication1.Desktop", "AvaloniaApplication1.Desktop\AvaloniaApplication1.Desktop.csproj", "{ED48313D-F5DA-4072-A0E8-24EB8C8AB0BC}"
EndProject
Global
	GlobalSection(SolutionConfigurationPlatforms) = preSolution
		Debug|Any CPU = Debug|Any CPU
		Release|Any CPU = Release|Any CPU
	EndGlobalSection
	GlobalSection(ProjectConfigurationPlatforms) = postSolution
		{A8120FAC-7A60-4723-9322-A461BEEEE03D}.Debug|Any CPU.ActiveCfg = Debug|Any CPU
		{A8120FAC-7A60-4723-9322-A461BEEEE03D}.Debug|Any CPU.Build.0 = Debug|Any CPU
		{A8120FAC-7A60-4723-9322-A461BEEEE03D}.Release|Any CPU.ActiveCfg = Release|Any CPU
		{A8120FAC-7A60-4723-9322-A461BEEEE03D}.Release|Any CPU.Build.0 = Release|Any CPU
		{0FB66B1B-1A7D-4563-B7D2-F71997B29F79}.Debug|Any CPU.ActiveCfg = Debug|Any CPU
		{0FB66B1B-1A7D-4563-B7D2-F71997B29F79}.Debug|Any CPU.Build.0 = Debug|Any CPU
		{0FB66B1B-1A7D-4563-B7D2-F71997B29F79}.Release|Any CPU.ActiveCfg = Release|Any CPU
		{0FB66B1B-1A7D-4563-B7D2-F71997B29F79}.Release|Any CPU.Build.0 = Release|Any CPU
		{ED48313D-F5DA-4072-A0E8-24EB8C8AB0BC}.Debug|Any CPU.ActiveCfg = Debug|Any CPU
		{ED48313D-F5DA-4072-A0E8-24EB8C8AB0BC}.Debug|Any CPU.Build.0 = Debug|Any CPU
		{ED48313D-F5DA-4072-A0E8-24EB8C8AB0BC}.Release|Any CPU.ActiveCfg = Release|Any CPU
		{ED48313D-F5DA-4072-A0E8-24EB8C8AB0BC}.Release|Any CPU.Build.0 = Release|Any CPU
	EndGlobalSection
	GlobalSection(SolutionProperties) = preSolution
		HideSolutionNode = FALSE
	EndGlobalSection
	GlobalSection(ExtensibilityGlobals) = postSolution
		SolutionGuid = {B05BC503-D023-4EF0-9B68-287AE55FDD5D}
	EndGlobalSection
EndGlobal
